// !$*UTF8*$!
{
	archiveVersion = 1;
	classes = {
	};
	objectVersion = 56;
	objects = {

/* Begin PBXBuildFile section */
		C28CFA612D8B3B2D005C185A /* main.cpp in Sources */ = {isa = PBXBuildFile; fileRef = C28CFA5F2D8B3B2D005C185A /* main.cpp */; };
		C2ABFB1D2D8B4D9100F4A2C6 /* Sprite.cpp in Sources */ = {isa = PBXBuildFile; fileRef = C2ABFB1B2D8B4D9100F4A2C6 /* Sprite.cpp */; };
		C2ABFB202D8B4DB100F4A2C6 /* SimpleGameModel.cpp in Sources */ = {isa = PBXBuildFile; fileRef = C2ABFB1E2D8B4DB100F4A2C6 /* SimpleGameModel.cpp */; };
		C2ABFB232D8B4DC100F4A2C6 /* SimpleGameView.cpp in Sources */ = {isa = PBXBuildFile; fileRef = C2ABFB212D8B4DC100F4A2C6 /* SimpleGameView.cpp */; };
		C2ABFB262D8B4DD300F4A2C6 /* SimpleController.cpp in Sources */ = {isa = PBXBuildFile; fileRef = C2ABFB242D8B4DD300F4A2C6 /* SimpleController.cpp */; };
		C2ABFB2E2D8B67E000F4A2C6 /* global_vars.cpp in Sources */ = {isa = PBXBuildFile; fileRef = C2ABFB2D2D8B67E000F4A2C6 /* global_vars.cpp */; };
		C2ABFB342D8BBF7800F4A2C6 /* SDL3_image.xcframework in Frameworks */ = {isa = PBXBuildFile; fileRef = C2ABFB332D8BBF7800F4A2C6 /* SDL3_image.xcframework */; };
		C2ABFB352D8BBF7800F4A2C6 /* SDL3_image.xcframework in Embed Frameworks */ = {isa = PBXBuildFile; fileRef = C2ABFB332D8BBF7800F4A2C6 /* SDL3_image.xcframework */; settings = {ATTRIBUTES = (CodeSignOnCopy, RemoveHeadersOnCopy, ); }; };
		C2ABFB382D8BBF8900F4A2C6 /* SDL3.xcframework in Frameworks */ = {isa = PBXBuildFile; fileRef = C2ABFB372D8BBF8800F4A2C6 /* SDL3.xcframework */; };
		C2ABFB392D8BBF8900F4A2C6 /* SDL3.xcframework in Embed Frameworks */ = {isa = PBXBuildFile; fileRef = C2ABFB372D8BBF8800F4A2C6 /* SDL3.xcframework */; settings = {ATTRIBUTES = (CodeSignOnCopy, RemoveHeadersOnCopy, ); }; };
		C2ABFB3C2D8C9D6400F4A2C6 /* SDL3.xcframework in Frameworks */ = {isa = PBXBuildFile; fileRef = C2ABFB3B2D8C9D6400F4A2C6 /* SDL3.xcframework */; };
		C2ABFB482D8D157100F4A2C6 /* BackroundSrfcData.cpp in Sources */ = {isa = PBXBuildFile; fileRef = C2ABFB462D8D157100F4A2C6 /* BackroundSrfcData.cpp */; };
		C2ABFB4B2D8D158B00F4A2C6 /* SpriteSheetData.cpp in Sources */ = {isa = PBXBuildFile; fileRef = C2ABFB492D8D158B00F4A2C6 /* SpriteSheetData.cpp */; };
		C2ABFB4E2D8DDAFB00F4A2C6 /* SpriteSheet.cpp in Sources */ = {isa = PBXBuildFile; fileRef = C2ABFB4C2D8DDAFA00F4A2C6 /* SpriteSheet.cpp */; };
/* End PBXBuildFile section */

/* Begin PBXCopyFilesBuildPhase section */
		C2ABFB362D8BBF7800F4A2C6 /* Embed Frameworks */ = {
			isa = PBXCopyFilesBuildPhase;
			buildActionMask = 2147483647;
			dstPath = "";
			dstSubfolderSpec = 10;
			files = (
				C2ABFB352D8BBF7800F4A2C6 /* SDL3_image.xcframework in Embed Frameworks */,
				C2ABFB392D8BBF8900F4A2C6 /* SDL3.xcframework in Embed Frameworks */,
			);
			name = "Embed Frameworks";
			runOnlyForDeploymentPostprocessing = 0;
		};
/* End PBXCopyFilesBuildPhase section */

/* Begin PBXFileReference section */
		C28CFA4C2D8B3AE9005C185A /* MatchaGameSimple.app */ = {isa = PBXFileReference; explicitFileType = wrapper.application; includeInIndex = 0; path = MatchaGameSimple.app; sourceTree = BUILT_PRODUCTS_DIR; };
		C28CFA522D8B3AEF005C185A /* Assets.xcassets */ = {isa = PBXFileReference; lastKnownFileType = folder.assetcatalog; path = Assets.xcassets; sourceTree = "<group>"; };
		C28CFA592D8B3AEF005C185A /* MatchaGameSimple.entitlements */ = {isa = PBXFileReference; lastKnownFileType = text.plist.entitlements; path = MatchaGameSimple.entitlements; sourceTree = "<group>"; };
		C28CFA5F2D8B3B2D005C185A /* main.cpp */ = {isa = PBXFileReference; lastKnownFileType = sourcecode.cpp.cpp; path = main.cpp; sourceTree = "<group>"; };
		C28CFA662D8B3BBE005C185A /* SDL3_image.xcframework */ = {isa = PBXFileReference; lastKnownFileType = wrapper.xcframework; name = SDL3_image.xcframework; path = ../../../../../../Library/Frameworks/SDL3_image.xcframework; sourceTree = "<group>"; };
		C28CFA6A2D8B3BE9005C185A /* SDL3.xcframework */ = {isa = PBXFileReference; lastKnownFileType = wrapper.xcframework; name = SDL3.xcframework; path = ../../../../../../Library/Frameworks/SDL3.xcframework; sourceTree = "<group>"; };
		C2A313A42D946F43004173D5 /* ANIMATIONS.h */ = {isa = PBXFileReference; lastKnownFileType = sourcecode.c.h; path = ANIMATIONS.h; sourceTree = "<group>"; };
		C2A313A52D946F69004173D5 /* BACKGROUNDS.h */ = {isa = PBXFileReference; lastKnownFileType = sourcecode.c.h; path = BACKGROUNDS.h; sourceTree = "<group>"; };
		C2A313A62D946F94004173D5 /* SPRITES.h */ = {isa = PBXFileReference; lastKnownFileType = sourcecode.c.h; path = SPRITES.h; sourceTree = "<group>"; };
		C2ABFB1B2D8B4D9100F4A2C6 /* Sprite.cpp */ = {isa = PBXFileReference; lastKnownFileType = sourcecode.cpp.cpp; path = Sprite.cpp; sourceTree = "<group>"; };
		C2ABFB1C2D8B4D9100F4A2C6 /* Sprite.hpp */ = {isa = PBXFileReference; lastKnownFileType = sourcecode.cpp.h; path = Sprite.hpp; sourceTree = "<group>"; };
		C2ABFB1E2D8B4DB100F4A2C6 /* SimpleGameModel.cpp */ = {isa = PBXFileReference; lastKnownFileType = sourcecode.cpp.cpp; path = SimpleGameModel.cpp; sourceTree = "<group>"; };
		C2ABFB1F2D8B4DB100F4A2C6 /* SimpleGameModel.hpp */ = {isa = PBXFileReference; lastKnownFileType = sourcecode.cpp.h; path = SimpleGameModel.hpp; sourceTree = "<group>"; };
		C2ABFB212D8B4DC100F4A2C6 /* SimpleGameView.cpp */ = {isa = PBXFileReference; lastKnownFileType = sourcecode.cpp.cpp; path = SimpleGameView.cpp; sourceTree = "<group>"; };
		C2ABFB222D8B4DC100F4A2C6 /* SimpleGameView.hpp */ = {isa = PBXFileReference; lastKnownFileType = sourcecode.cpp.h; path = SimpleGameView.hpp; sourceTree = "<group>"; };
		C2ABFB242D8B4DD300F4A2C6 /* SimpleController.cpp */ = {isa = PBXFileReference; lastKnownFileType = sourcecode.cpp.cpp; path = SimpleController.cpp; sourceTree = "<group>"; };
		C2ABFB252D8B4DD300F4A2C6 /* SimpleController.hpp */ = {isa = PBXFileReference; lastKnownFileType = sourcecode.cpp.h; path = SimpleController.hpp; sourceTree = "<group>"; };
		C2ABFB2B2D8B5FDC00F4A2C6 /* global_vars.hpp */ = {isa = PBXFileReference; lastKnownFileType = sourcecode.cpp.h; path = global_vars.hpp; sourceTree = "<group>"; };
		C2ABFB2D2D8B67E000F4A2C6 /* global_vars.cpp */ = {isa = PBXFileReference; lastKnownFileType = sourcecode.cpp.cpp; path = global_vars.cpp; sourceTree = "<group>"; };
		C2ABFB332D8BBF7800F4A2C6 /* SDL3_image.xcframework */ = {isa = PBXFileReference; lastKnownFileType = wrapper.xcframework; name = SDL3_image.xcframework; path = ../../../../../../../../Library/Frameworks/SDL3_image.xcframework; sourceTree = "<group>"; };
		C2ABFB372D8BBF8800F4A2C6 /* SDL3.xcframework */ = {isa = PBXFileReference; lastKnownFileType = wrapper.xcframework; name = SDL3.xcframework; path = ../../../../../../../../Library/Frameworks/SDL3.xcframework; sourceTree = "<group>"; };
		C2ABFB3B2D8C9D6400F4A2C6 /* SDL3.xcframework */ = {isa = PBXFileReference; lastKnownFileType = wrapper.xcframework; name = SDL3.xcframework; path = ../../../../../../../../../Library/Frameworks/SDL3.xcframework; sourceTree = "<group>"; };
		C2ABFB462D8D157100F4A2C6 /* BackroundSrfcData.cpp */ = {isa = PBXFileReference; lastKnownFileType = sourcecode.cpp.cpp; path = BackroundSrfcData.cpp; sourceTree = "<group>"; };
		C2ABFB472D8D157100F4A2C6 /* BackroundSrfcData.hpp */ = {isa = PBXFileReference; lastKnownFileType = sourcecode.cpp.h; path = BackroundSrfcData.hpp; sourceTree = "<group>"; };
		C2ABFB492D8D158B00F4A2C6 /* SpriteSheetData.cpp */ = {isa = PBXFileReference; lastKnownFileType = sourcecode.cpp.cpp; path = SpriteSheetData.cpp; sourceTree = "<group>"; };
		C2ABFB4A2D8D158B00F4A2C6 /* SpriteSheetData.hpp */ = {isa = PBXFileReference; lastKnownFileType = sourcecode.cpp.h; path = SpriteSheetData.hpp; sourceTree = "<group>"; };
		C2ABFB4C2D8DDAFA00F4A2C6 /* SpriteSheet.cpp */ = {isa = PBXFileReference; lastKnownFileType = sourcecode.cpp.cpp; path = SpriteSheet.cpp; sourceTree = "<group>"; };
		C2ABFB4D2D8DDAFA00F4A2C6 /* SpriteSheet.hpp */ = {isa = PBXFileReference; lastKnownFileType = sourcecode.cpp.h; path = SpriteSheet.hpp; sourceTree = "<group>"; };
		C2ABFB512D8DE31200F4A2C6 /* DIRECTION.h */ = {isa = PBXFileReference; lastKnownFileType = sourcecode.c.h; path = DIRECTION.h; sourceTree = "<group>"; };
/* End PBXFileReference section */

/* Begin PBXFrameworksBuildPhase section */
		C28CFA492D8B3AE9005C185A /* Frameworks */ = {
			isa = PBXFrameworksBuildPhase;
			buildActionMask = 2147483647;
			files = (
				C2ABFB342D8BBF7800F4A2C6 /* SDL3_image.xcframework in Frameworks */,
				C2ABFB3C2D8C9D6400F4A2C6 /* SDL3.xcframework in Frameworks */,
				C2ABFB382D8BBF8900F4A2C6 /* SDL3.xcframework in Frameworks */,
			);
			runOnlyForDeploymentPostprocessing = 0;
		};
/* End PBXFrameworksBuildPhase section */

/* Begin PBXGroup section */
		C28CFA432D8B3AE9005C185A = {
			isa = PBXGroup;
			children = (
				C28CFA4E2D8B3AE9005C185A /* MatchaGameSimple */,
				C28CFA4D2D8B3AE9005C185A /* Products */,
				C28CFA652D8B3BBE005C185A /* Frameworks */,
			);
			sourceTree = "<group>";
		};
		C28CFA4D2D8B3AE9005C185A /* Products */ = {
			isa = PBXGroup;
			children = (
				C28CFA4C2D8B3AE9005C185A /* MatchaGameSimple.app */,
			);
			name = Products;
			sourceTree = "<group>";
		};
		C28CFA4E2D8B3AE9005C185A /* MatchaGameSimple */ = {
			isa = PBXGroup;
			children = (
				C2ABFB3B2D8C9D6400F4A2C6 /* SDL3.xcframework */,
				C2ABFB452D8D152C00F4A2C6 /* data */,
				C2ABFB3A2D8C9CEC00F4A2C6 /* enums */,
				C28CFA642D8B3B6B005C185A /* controller */,
				C28CFA632D8B3B5A005C185A /* view */,
				C28CFA622D8B3B4E005C185A /* model */,
				C28CFA522D8B3AEF005C185A /* Assets.xcassets */,
				C28CFA592D8B3AEF005C185A /* MatchaGameSimple.entitlements */,
				C28CFA5F2D8B3B2D005C185A /* main.cpp */,
				C2ABFB2B2D8B5FDC00F4A2C6 /* global_vars.hpp */,
				C2ABFB2D2D8B67E000F4A2C6 /* global_vars.cpp */,
			);
			path = MatchaGameSimple;
			sourceTree = "<group>";
		};
		C28CFA622D8B3B4E005C185A /* model */ = {
			isa = PBXGroup;
			children = (
				C2ABFB1B2D8B4D9100F4A2C6 /* Sprite.cpp */,
				C2ABFB1C2D8B4D9100F4A2C6 /* Sprite.hpp */,
				C2ABFB1E2D8B4DB100F4A2C6 /* SimpleGameModel.cpp */,
				C2ABFB1F2D8B4DB100F4A2C6 /* SimpleGameModel.hpp */,
				C2ABFB4C2D8DDAFA00F4A2C6 /* SpriteSheet.cpp */,
				C2ABFB4D2D8DDAFA00F4A2C6 /* SpriteSheet.hpp */,
			);
			path = model;
			sourceTree = "<group>";
		};
		C28CFA632D8B3B5A005C185A /* view */ = {
			isa = PBXGroup;
			children = (
				C2ABFB212D8B4DC100F4A2C6 /* SimpleGameView.cpp */,
				C2ABFB222D8B4DC100F4A2C6 /* SimpleGameView.hpp */,
			);
			path = view;
			sourceTree = "<group>";
		};
		C28CFA642D8B3B6B005C185A /* controller */ = {
			isa = PBXGroup;
			children = (
				C2ABFB242D8B4DD300F4A2C6 /* SimpleController.cpp */,
				C2ABFB252D8B4DD300F4A2C6 /* SimpleController.hpp */,
			);
			path = controller;
			sourceTree = "<group>";
		};
		C28CFA652D8B3BBE005C185A /* Frameworks */ = {
			isa = PBXGroup;
			children = (
				C2ABFB372D8BBF8800F4A2C6 /* SDL3.xcframework */,
				C2ABFB332D8BBF7800F4A2C6 /* SDL3_image.xcframework */,
				C28CFA6A2D8B3BE9005C185A /* SDL3.xcframework */,
				C28CFA662D8B3BBE005C185A /* SDL3_image.xcframework */,
			);
			name = Frameworks;
			sourceTree = "<group>";
		};
		C2ABFB3A2D8C9CEC00F4A2C6 /* enums */ = {
			isa = PBXGroup;
			children = (
				C2ABFB512D8DE31200F4A2C6 /* DIRECTION.h */,
				C2A313A42D946F43004173D5 /* ANIMATIONS.h */,
				C2A313A52D946F69004173D5 /* BACKGROUNDS.h */,
				C2A313A62D946F94004173D5 /* SPRITES.h */,
			);
			path = enums;
			sourceTree = "<group>";
		};
		C2ABFB452D8D152C00F4A2C6 /* data */ = {
			isa = PBXGroup;
			children = (
				C2ABFB462D8D157100F4A2C6 /* BackroundSrfcData.cpp */,
				C2ABFB472D8D157100F4A2C6 /* BackroundSrfcData.hpp */,
				C2ABFB492D8D158B00F4A2C6 /* SpriteSheetData.cpp */,
				C2ABFB4A2D8D158B00F4A2C6 /* SpriteSheetData.hpp */,
			);
			path = data;
			sourceTree = "<group>";
		};
/* End PBXGroup section */

/* Begin PBXNativeTarget section */
		C28CFA4B2D8B3AE9005C185A /* MatchaGameSimple */ = {
			isa = PBXNativeTarget;
			buildConfigurationList = C28CFA5C2D8B3AEF005C185A /* Build configuration list for PBXNativeTarget "MatchaGameSimple" */;
			buildPhases = (
				C28CFA482D8B3AE9005C185A /* Sources */,
				C28CFA492D8B3AE9005C185A /* Frameworks */,
				C28CFA4A2D8B3AE9005C185A /* Resources */,
				C2ABFB362D8BBF7800F4A2C6 /* Embed Frameworks */,
			);
			buildRules = (
			);
			dependencies = (
			);
			name = MatchaGameSimple;
			productName = MatchaGameSimple;
			productReference = C28CFA4C2D8B3AE9005C185A /* MatchaGameSimple.app */;
			productType = "com.apple.product-type.application";
		};
/* End PBXNativeTarget section */

/* Begin PBXProject section */
		C28CFA442D8B3AE9005C185A /* Project object */ = {
			isa = PBXProject;
			attributes = {
				BuildIndependentTargetsInParallel = 1;
				LastUpgradeCheck = 1420;
				TargetAttributes = {
					C28CFA4B2D8B3AE9005C185A = {
						CreatedOnToolsVersion = 14.2;
					};
				};
			};
			buildConfigurationList = C28CFA472D8B3AE9005C185A /* Build configuration list for PBXProject "MatchaGameSimple" */;
			compatibilityVersion = "Xcode 14.0";
			developmentRegion = en;
			hasScannedForEncodings = 0;
			knownRegions = (
				en,
				Base,
			);
			mainGroup = C28CFA432D8B3AE9005C185A;
			productRefGroup = C28CFA4D2D8B3AE9005C185A /* Products */;
			projectDirPath = "";
			projectRoot = "";
			targets = (
				C28CFA4B2D8B3AE9005C185A /* MatchaGameSimple */,
			);
		};
/* End PBXProject section */

/* Begin PBXResourcesBuildPhase section */
		C28CFA4A2D8B3AE9005C185A /* Resources */ = {
			isa = PBXResourcesBuildPhase;
			buildActionMask = 2147483647;
			files = (
			);
			runOnlyForDeploymentPostprocessing = 0;
		};
/* End PBXResourcesBuildPhase section */

/* Begin PBXSourcesBuildPhase section */
		C28CFA482D8B3AE9005C185A /* Sources */ = {
			isa = PBXSourcesBuildPhase;
			buildActionMask = 2147483647;
			files = (
				C2ABFB4E2D8DDAFB00F4A2C6 /* SpriteSheet.cpp in Sources */,
				C2ABFB482D8D157100F4A2C6 /* BackroundSrfcData.cpp in Sources */,
				C2ABFB2E2D8B67E000F4A2C6 /* global_vars.cpp in Sources */,
				C2ABFB4B2D8D158B00F4A2C6 /* SpriteSheetData.cpp in Sources */,
				C2ABFB262D8B4DD300F4A2C6 /* SimpleController.cpp in Sources */,
				C2ABFB1D2D8B4D9100F4A2C6 /* Sprite.cpp in Sources */,
				C2ABFB202D8B4DB100F4A2C6 /* SimpleGameModel.cpp in Sources */,
				C2ABFB232D8B4DC100F4A2C6 /* SimpleGameView.cpp in Sources */,
				C28CFA612D8B3B2D005C185A /* main.cpp in Sources */,
			);
			runOnlyForDeploymentPostprocessing = 0;
		};
/* End PBXSourcesBuildPhase section */

/* Begin XCBuildConfiguration section */
		C28CFA5A2D8B3AEF005C185A /* Debug */ = {
			isa = XCBuildConfiguration;
			buildSettings = {
				ALWAYS_SEARCH_USER_PATHS = NO;
				CLANG_ANALYZER_NONNULL = YES;
				CLANG_ANALYZER_NUMBER_OBJECT_CONVERSION = YES_AGGRESSIVE;
				CLANG_CXX_LANGUAGE_STANDARD = "gnu++20";
				CLANG_ENABLE_MODULES = YES;
				CLANG_ENABLE_OBJC_ARC = YES;
				CLANG_ENABLE_OBJC_WEAK = YES;
				CLANG_WARN_BLOCK_CAPTURE_AUTORELEASING = YES;
				CLANG_WARN_BOOL_CONVERSION = YES;
				CLANG_WARN_COMMA = YES;
				CLANG_WARN_CONSTANT_CONVERSION = YES;
				CLANG_WARN_DEPRECATED_OBJC_IMPLEMENTATIONS = YES;
				CLANG_WARN_DIRECT_OBJC_ISA_USAGE = YES_ERROR;
				CLANG_WARN_DOCUMENTATION_COMMENTS = YES;
				CLANG_WARN_EMPTY_BODY = YES;
				CLANG_WARN_ENUM_CONVERSION = YES;
				CLANG_WARN_INFINITE_RECURSION = YES;
				CLANG_WARN_INT_CONVERSION = YES;
				CLANG_WARN_NON_LITERAL_NULL_CONVERSION = YES;
				CLANG_WARN_OBJC_IMPLICIT_RETAIN_SELF = YES;
				CLANG_WARN_OBJC_LITERAL_CONVERSION = YES;
				CLANG_WARN_OBJC_ROOT_CLASS = YES_ERROR;
				CLANG_WARN_QUOTED_INCLUDE_IN_FRAMEWORK_HEADER = YES;
				CLANG_WARN_RANGE_LOOP_ANALYSIS = YES;
				CLANG_WARN_STRICT_PROTOTYPES = YES;
				CLANG_WARN_SUSPICIOUS_MOVE = YES;
				CLANG_WARN_UNGUARDED_AVAILABILITY = YES_AGGRESSIVE;
				CLANG_WARN_UNREACHABLE_CODE = YES;
				CLANG_WARN__DUPLICATE_METHOD_MATCH = YES;
				COPY_PHASE_STRIP = NO;
				DEBUG_INFORMATION_FORMAT = dwarf;
				ENABLE_STRICT_OBJC_MSGSEND = YES;
				ENABLE_TESTABILITY = YES;
				GCC_C_LANGUAGE_STANDARD = gnu11;
				GCC_DYNAMIC_NO_PIC = NO;
				GCC_NO_COMMON_BLOCKS = YES;
				GCC_OPTIMIZATION_LEVEL = 0;
				GCC_PREPROCESSOR_DEFINITIONS = (
					"DEBUG=1",
					"$(inherited)",
				);
				GCC_WARN_64_TO_32_BIT_CONVERSION = YES;
				GCC_WARN_ABOUT_RETURN_TYPE = YES_ERROR;
				GCC_WARN_UNDECLARED_SELECTOR = YES;
				GCC_WARN_UNINITIALIZED_AUTOS = YES_AGGRESSIVE;
				GCC_WARN_UNUSED_FUNCTION = YES;
				GCC_WARN_UNUSED_VARIABLE = YES;
				MACOSX_DEPLOYMENT_TARGET = 12.7;
				MTL_ENABLE_DEBUG_INFO = INCLUDE_SOURCE;
				MTL_FAST_MATH = YES;
				ONLY_ACTIVE_ARCH = YES;
				SDKROOT = macosx;
			};
			name = Debug;
		};
		C28CFA5B2D8B3AEF005C185A /* Release */ = {
			isa = XCBuildConfiguration;
			buildSettings = {
				ALWAYS_SEARCH_USER_PATHS = NO;
				CLANG_ANALYZER_NONNULL = YES;
				CLANG_ANALYZER_NUMBER_OBJECT_CONVERSION = YES_AGGRESSIVE;
				CLANG_CXX_LANGUAGE_STANDARD = "gnu++20";
				CLANG_ENABLE_MODULES = YES;
				CLANG_ENABLE_OBJC_ARC = YES;
				CLANG_ENABLE_OBJC_WEAK = YES;
				CLANG_WARN_BLOCK_CAPTURE_AUTORELEASING = YES;
				CLANG_WARN_BOOL_CONVERSION = YES;
				CLANG_WARN_COMMA = YES;
				CLANG_WARN_CONSTANT_CONVERSION = YES;
				CLANG_WARN_DEPRECATED_OBJC_IMPLEMENTATIONS = YES;
				CLANG_WARN_DIRECT_OBJC_ISA_USAGE = YES_ERROR;
				CLANG_WARN_DOCUMENTATION_COMMENTS = YES;
				CLANG_WARN_EMPTY_BODY = YES;
				CLANG_WARN_ENUM_CONVERSION = YES;
				CLANG_WARN_INFINITE_RECURSION = YES;
				CLANG_WARN_INT_CONVERSION = YES;
				CLANG_WARN_NON_LITERAL_NULL_CONVERSION = YES;
				CLANG_WARN_OBJC_IMPLICIT_RETAIN_SELF = YES;
				CLANG_WARN_OBJC_LITERAL_CONVERSION = YES;
				CLANG_WARN_OBJC_ROOT_CLASS = YES_ERROR;
				CLANG_WARN_QUOTED_INCLUDE_IN_FRAMEWORK_HEADER = YES;
				CLANG_WARN_RANGE_LOOP_ANALYSIS = YES;
				CLANG_WARN_STRICT_PROTOTYPES = YES;
				CLANG_WARN_SUSPICIOUS_MOVE = YES;
				CLANG_WARN_UNGUARDED_AVAILABILITY = YES_AGGRESSIVE;
				CLANG_WARN_UNREACHABLE_CODE = YES;
				CLANG_WARN__DUPLICATE_METHOD_MATCH = YES;
				COPY_PHASE_STRIP = NO;
				DEBUG_INFORMATION_FORMAT = "dwarf-with-dsym";
				ENABLE_NS_ASSERTIONS = NO;
				ENABLE_STRICT_OBJC_MSGSEND = YES;
				GCC_C_LANGUAGE_STANDARD = gnu11;
				GCC_NO_COMMON_BLOCKS = YES;
				GCC_WARN_64_TO_32_BIT_CONVERSION = YES;
				GCC_WARN_ABOUT_RETURN_TYPE = YES_ERROR;
				GCC_WARN_UNDECLARED_SELECTOR = YES;
				GCC_WARN_UNINITIALIZED_AUTOS = YES_AGGRESSIVE;
				GCC_WARN_UNUSED_FUNCTION = YES;
				GCC_WARN_UNUSED_VARIABLE = YES;
				MACOSX_DEPLOYMENT_TARGET = 12.7;
				MTL_ENABLE_DEBUG_INFO = NO;
				MTL_FAST_MATH = YES;
				SDKROOT = macosx;
			};
			name = Release;
		};
		C28CFA5D2D8B3AEF005C185A /* Debug */ = {
			isa = XCBuildConfiguration;
			buildSettings = {
				ASSETCATALOG_COMPILER_APPICON_NAME = AppIcon;
				ASSETCATALOG_COMPILER_GLOBAL_ACCENT_COLOR_NAME = AccentColor;
				CODE_SIGN_ENTITLEMENTS = MatchaGameSimple/MatchaGameSimple.entitlements;
				CODE_SIGN_STYLE = Automatic;
				COMBINE_HIDPI_IMAGES = YES;
				CURRENT_PROJECT_VERSION = 1;
				DEVELOPMENT_TEAM = 5K23Q246YS;
				ENABLE_HARDENED_RUNTIME = YES;
				GENERATE_INFOPLIST_FILE = YES;
				INFOPLIST_KEY_NSHumanReadableCopyright = "";
				INFOPLIST_KEY_NSMainNibFile = MainMenu;
				INFOPLIST_KEY_NSPrincipalClass = NSApplication;
				LD_RUNPATH_SEARCH_PATHS = (
					"$(inherited)",
					"@executable_path/../Frameworks",
				);
				MARKETING_VERSION = 1.0;
				PRODUCT_BUNDLE_IDENTIFIER = smartinezdelicia.MatchaGameSimple;
				PRODUCT_NAME = "$(TARGET_NAME)";
				SWIFT_EMIT_LOC_STRINGS = YES;
			};
			name = Debug;
		};
		C28CFA5E2D8B3AEF005C185A /* Release */ = {
			isa = XCBuildConfiguration;
			buildSettings = {
				ASSETCATALOG_COMPILER_APPICON_NAME = AppIcon;
				ASSETCATALOG_COMPILER_GLOBAL_ACCENT_COLOR_NAME = AccentColor;
				CODE_SIGN_ENTITLEMENTS = MatchaGameSimple/MatchaGameSimple.entitlements;
				CODE_SIGN_STYLE = Automatic;
				COMBINE_HIDPI_IMAGES = YES;
				CURRENT_PROJECT_VERSION = 1;
				DEVELOPMENT_TEAM = 5K23Q246YS;
				ENABLE_HARDENED_RUNTIME = YES;
				GENERATE_INFOPLIST_FILE = YES;
				INFOPLIST_KEY_NSHumanReadableCopyright = "";
				INFOPLIST_KEY_NSMainNibFile = MainMenu;
				INFOPLIST_KEY_NSPrincipalClass = NSApplication;
				LD_RUNPATH_SEARCH_PATHS = (
					"$(inherited)",
					"@executable_path/../Frameworks",
				);
				MARKETING_VERSION = 1.0;
				PRODUCT_BUNDLE_IDENTIFIER = smartinezdelicia.MatchaGameSimple;
				PRODUCT_NAME = "$(TARGET_NAME)";
				SWIFT_EMIT_LOC_STRINGS = YES;
			};
			name = Release;
		};
/* End XCBuildConfiguration section */

/* Begin XCConfigurationList section */
		C28CFA472D8B3AE9005C185A /* Build configuration list for PBXProject "MatchaGameSimple" */ = {
			isa = XCConfigurationList;
			buildConfigurations = (
				C28CFA5A2D8B3AEF005C185A /* Debug */,
				C28CFA5B2D8B3AEF005C185A /* Release */,
			);
			defaultConfigurationIsVisible = 0;
			defaultConfigurationName = Release;
		};
		C28CFA5C2D8B3AEF005C185A /* Build configuration list for PBXNativeTarget "MatchaGameSimple" */ = {
			isa = XCConfigurationList;
			buildConfigurations = (
				C28CFA5D2D8B3AEF005C185A /* Debug */,
				C28CFA5E2D8B3AEF005C185A /* Release */,
			);
			defaultConfigurationIsVisible = 0;
			defaultConfigurationName = Release;
		};
/* End XCConfigurationList section */
	};
	rootObject = C28CFA442D8B3AE9005C185A /* Project object */;
}
