// !$*UTF8*$!
{
	archiveVersion = 1;
	classes = {
	};
	objectVersion = 56;
	objects = {

/* Begin PBXBuildFile section */
		C2CC8CFA2D80E52600F6DDDE /* Assets.xcassets in Resources */ = {isa = PBXBuildFile; fileRef = C2CC8CF92D80E52600F6DDDE /* Assets.xcassets */; };
		C2CC8D082D80E8BA00F6DDDE /* test.cpp in Sources */ = {isa = PBXBuildFile; fileRef = C2CC8D062D80E8BA00F6DDDE /* test.cpp */; };
		C2EF18712D825BA500179CEE /* SDL3_image.xcframework in Frameworks */ = {isa = PBXBuildFile; fileRef = C2EF186D2D825B8900179CEE /* SDL3_image.xcframework */; };
		C2EF18722D825BA500179CEE /* SDL3_image.xcframework in Embed Frameworks */ = {isa = PBXBuildFile; fileRef = C2EF186D2D825B8900179CEE /* SDL3_image.xcframework */; settings = {ATTRIBUTES = (CodeSignOnCopy, RemoveHeadersOnCopy, ); }; };
		C2EF18742D825BA600179CEE /* SDL3.xcframework in Frameworks */ = {isa = PBXBuildFile; fileRef = C2EF186A2D82557500179CEE /* SDL3.xcframework */; };
		C2EF18752D825BA600179CEE /* SDL3.xcframework in Embed Frameworks */ = {isa = PBXBuildFile; fileRef = C2EF186A2D82557500179CEE /* SDL3.xcframework */; settings = {ATTRIBUTES = (CodeSignOnCopy, RemoveHeadersOnCopy, ); }; };
		C2F04F282D84AD7E00DF943E /* sprite in Resources */ = {isa = PBXBuildFile; fileRef = C2F04F272D84AD7E00DF943E /* sprite */; };
/* End PBXBuildFile section */

/* Begin PBXCopyFilesBuildPhase section */
		C2EF18732D825BA500179CEE /* Embed Frameworks */ = {
			isa = PBXCopyFilesBuildPhase;
			buildActionMask = 2147483647;
			dstPath = "";
			dstSubfolderSpec = 10;
			files = (
				C2EF18722D825BA500179CEE /* SDL3_image.xcframework in Embed Frameworks */,
				C2EF18752D825BA600179CEE /* SDL3.xcframework in Embed Frameworks */,
			);
			name = "Embed Frameworks";
			runOnlyForDeploymentPostprocessing = 0;
		};
/* End PBXCopyFilesBuildPhase section */

/* Begin PBXFileReference section */
		C2CC8CF32D80E52000F6DDDE /* sdl3_test.app */ = {isa = PBXFileReference; explicitFileType = wrapper.application; includeInIndex = 0; path = sdl3_test.app; sourceTree = BUILT_PRODUCTS_DIR; };
		C2CC8CF92D80E52600F6DDDE /* Assets.xcassets */ = {isa = PBXFileReference; lastKnownFileType = folder.assetcatalog; path = Assets.xcassets; sourceTree = "<group>"; };
		C2CC8D002D80E52600F6DDDE /* sdl3_test.entitlements */ = {isa = PBXFileReference; lastKnownFileType = text.plist.entitlements; path = sdl3_test.entitlements; sourceTree = "<group>"; };
		C2CC8D062D80E8BA00F6DDDE /* test.cpp */ = {isa = PBXFileReference; lastKnownFileType = sourcecode.cpp.cpp; path = test.cpp; sourceTree = "<group>"; };
		C2EF186A2D82557500179CEE /* SDL3.xcframework */ = {isa = PBXFileReference; lastKnownFileType = wrapper.xcframework; path = SDL3.xcframework; sourceTree = SOURCE_ROOT; };
		C2EF186D2D825B8900179CEE /* SDL3_image.xcframework */ = {isa = PBXFileReference; lastKnownFileType = wrapper.xcframework; name = SDL3_image.xcframework; path = ../../../../../Library/Frameworks/SDL3_image.xcframework; sourceTree = "<group>"; };
		C2F04F272D84AD7E00DF943E /* sprite */ = {isa = PBXFileReference; lastKnownFileType = folder; path = sprite; sourceTree = "<group>"; };
/* End PBXFileReference section */

/* Begin PBXFrameworksBuildPhase section */
		C2CC8CF02D80E52000F6DDDE /* Frameworks */ = {
			isa = PBXFrameworksBuildPhase;
			buildActionMask = 2147483647;
			files = (
				C2EF18712D825BA500179CEE /* SDL3_image.xcframework in Frameworks */,
				C2EF18742D825BA600179CEE /* SDL3.xcframework in Frameworks */,
			);
			runOnlyForDeploymentPostprocessing = 0;
		};
/* End PBXFrameworksBuildPhase section */

/* Begin PBXGroup section */
		C2CC8CEA2D80E52000F6DDDE = {
			isa = PBXGroup;
			children = (
				C2CC8CF52D80E52000F6DDDE /* sdl3_test */,
				C2CC8CF42D80E52000F6DDDE /* Products */,
				C2EF186C2D825B8900179CEE /* Frameworks */,
			);
			sourceTree = "<group>";
		};
		C2CC8CF42D80E52000F6DDDE /* Products */ = {
			isa = PBXGroup;
			children = (
				C2CC8CF32D80E52000F6DDDE /* sdl3_test.app */,
			);
			name = Products;
			sourceTree = "<group>";
		};
		C2CC8CF52D80E52000F6DDDE /* sdl3_test */ = {
			isa = PBXGroup;
			children = (
				C2F04F272D84AD7E00DF943E /* sprite */,
				C2CC8CF92D80E52600F6DDDE /* Assets.xcassets */,
				C2CC8D002D80E52600F6DDDE /* sdl3_test.entitlements */,
				C2CC8D062D80E8BA00F6DDDE /* test.cpp */,
				C2EF186A2D82557500179CEE /* SDL3.xcframework */,
			);
			path = sdl3_test;
			sourceTree = "<group>";
		};
		C2EF186C2D825B8900179CEE /* Frameworks */ = {
			isa = PBXGroup;
			children = (
				C2EF186D2D825B8900179CEE /* SDL3_image.xcframework */,
			);
			name = Frameworks;
			sourceTree = "<group>";
		};
/* End PBXGroup section */

/* Begin PBXNativeTarget section */
		C2CC8CF22D80E52000F6DDDE /* sdl3_test */ = {
			isa = PBXNativeTarget;
			buildConfigurationList = C2CC8D032D80E52600F6DDDE /* Build configuration list for PBXNativeTarget "sdl3_test" */;
			buildPhases = (
				C2CC8CEF2D80E52000F6DDDE /* Sources */,
				C2CC8CF02D80E52000F6DDDE /* Frameworks */,
				C2CC8CF12D80E52000F6DDDE /* Resources */,
				C2EF18732D825BA500179CEE /* Embed Frameworks */,
			);
			buildRules = (
			);
			dependencies = (
			);
			name = sdl3_test;
			productName = sdl3_test;
			productReference = C2CC8CF32D80E52000F6DDDE /* sdl3_test.app */;
			productType = "com.apple.product-type.application";
		};
/* End PBXNativeTarget section */

/* Begin PBXProject section */
		C2CC8CEB2D80E52000F6DDDE /* Project object */ = {
			isa = PBXProject;
			attributes = {
				BuildIndependentTargetsInParallel = 1;
				LastUpgradeCheck = 1420;
				TargetAttributes = {
					C2CC8CF22D80E52000F6DDDE = {
						CreatedOnToolsVersion = 14.2;
					};
				};
			};
			buildConfigurationList = C2CC8CEE2D80E52000F6DDDE /* Build configuration list for PBXProject "sdl3_test" */;
			compatibilityVersion = "Xcode 14.0";
			developmentRegion = en;
			hasScannedForEncodings = 0;
			knownRegions = (
				en,
				Base,
			);
			mainGroup = C2CC8CEA2D80E52000F6DDDE;
			productRefGroup = C2CC8CF42D80E52000F6DDDE /* Products */;
			projectDirPath = "";
			projectRoot = "";
			targets = (
				C2CC8CF22D80E52000F6DDDE /* sdl3_test */,
			);
		};
/* End PBXProject section */

/* Begin PBXResourcesBuildPhase section */
		C2CC8CF12D80E52000F6DDDE /* Resources */ = {
			isa = PBXResourcesBuildPhase;
			buildActionMask = 2147483647;
			files = (
				C2CC8CFA2D80E52600F6DDDE /* Assets.xcassets in Resources */,
				C2F04F282D84AD7E00DF943E /* sprite in Resources */,
			);
			runOnlyForDeploymentPostprocessing = 0;
		};
/* End PBXResourcesBuildPhase section */

/* Begin PBXSourcesBuildPhase section */
		C2CC8CEF2D80E52000F6DDDE /* Sources */ = {
			isa = PBXSourcesBuildPhase;
			buildActionMask = 2147483647;
			files = (
				C2CC8D082D80E8BA00F6DDDE /* test.cpp in Sources */,
			);
			runOnlyForDeploymentPostprocessing = 0;
		};
/* End PBXSourcesBuildPhase section */

/* Begin XCBuildConfiguration section */
		C2CC8D012D80E52600F6DDDE /* Debug */ = {
			isa = XCBuildConfiguration;
			buildSettings = {
				ALWAYS_SEARCH_USER_PATHS = NO;
				CLANG_ANALYZER_NONNULL = YES;
				CLANG_ANALYZER_NUMBER_OBJECT_CONVERSION = YES_AGGRESSIVE;
				CLANG_CXX_LANGUAGE_STANDARD = "gnu++20";
				CLANG_ENABLE_MODULES = YES;
				CLANG_ENABLE_OBJC_ARC = YES;
				CLANG_ENABLE_OBJC_WEAK = YES;
				CLANG_WARN_BLOCK_CAPTURE_AUTORELEASING = YES;
				CLANG_WARN_BOOL_CONVERSION = YES;
				CLANG_WARN_COMMA = YES;
				CLANG_WARN_CONSTANT_CONVERSION = YES;
				CLANG_WARN_DEPRECATED_OBJC_IMPLEMENTATIONS = YES;
				CLANG_WARN_DIRECT_OBJC_ISA_USAGE = YES_ERROR;
				CLANG_WARN_DOCUMENTATION_COMMENTS = YES;
				CLANG_WARN_EMPTY_BODY = YES;
				CLANG_WARN_ENUM_CONVERSION = YES;
				CLANG_WARN_INFINITE_RECURSION = YES;
				CLANG_WARN_INT_CONVERSION = YES;
				CLANG_WARN_NON_LITERAL_NULL_CONVERSION = YES;
				CLANG_WARN_OBJC_IMPLICIT_RETAIN_SELF = YES;
				CLANG_WARN_OBJC_LITERAL_CONVERSION = YES;
				CLANG_WARN_OBJC_ROOT_CLASS = YES_ERROR;
				CLANG_WARN_QUOTED_INCLUDE_IN_FRAMEWORK_HEADER = YES;
				CLANG_WARN_RANGE_LOOP_ANALYSIS = YES;
				CLANG_WARN_STRICT_PROTOTYPES = YES;
				CLANG_WARN_SUSPICIOUS_MOVE = YES;
				CLANG_WARN_UNGUARDED_AVAILABILITY = YES_AGGRESSIVE;
				CLANG_WARN_UNREACHABLE_CODE = YES;
				CLANG_WARN__DUPLICATE_METHOD_MATCH = YES;
				COPY_PHASE_STRIP = NO;
				DEBUG_INFORMATION_FORMAT = dwarf;
				ENABLE_STRICT_OBJC_MSGSEND = YES;
				ENABLE_TESTABILITY = YES;
				GCC_C_LANGUAGE_STANDARD = gnu11;
				GCC_DYNAMIC_NO_PIC = NO;
				GCC_NO_COMMON_BLOCKS = YES;
				GCC_OPTIMIZATION_LEVEL = 0;
				GCC_PREPROCESSOR_DEFINITIONS = (
					"DEBUG=1",
					"$(inherited)",
				);
				GCC_WARN_64_TO_32_BIT_CONVERSION = YES;
				GCC_WARN_ABOUT_RETURN_TYPE = YES_ERROR;
				GCC_WARN_UNDECLARED_SELECTOR = YES;
				GCC_WARN_UNINITIALIZED_AUTOS = YES_AGGRESSIVE;
				GCC_WARN_UNUSED_FUNCTION = YES;
				GCC_WARN_UNUSED_VARIABLE = YES;
				MACOSX_DEPLOYMENT_TARGET = 12.7;
				MTL_ENABLE_DEBUG_INFO = INCLUDE_SOURCE;
				MTL_FAST_MATH = YES;
				ONLY_ACTIVE_ARCH = YES;
				SDKROOT = macosx;
			};
			name = Debug;
		};
		C2CC8D022D80E52600F6DDDE /* Release */ = {
			isa = XCBuildConfiguration;
			buildSettings = {
				ALWAYS_SEARCH_USER_PATHS = NO;
				CLANG_ANALYZER_NONNULL = YES;
				CLANG_ANALYZER_NUMBER_OBJECT_CONVERSION = YES_AGGRESSIVE;
				CLANG_CXX_LANGUAGE_STANDARD = "gnu++20";
				CLANG_ENABLE_MODULES = YES;
				CLANG_ENABLE_OBJC_ARC = YES;
				CLANG_ENABLE_OBJC_WEAK = YES;
				CLANG_WARN_BLOCK_CAPTURE_AUTORELEASING = YES;
				CLANG_WARN_BOOL_CONVERSION = YES;
				CLANG_WARN_COMMA = YES;
				CLANG_WARN_CONSTANT_CONVERSION = YES;
				CLANG_WARN_DEPRECATED_OBJC_IMPLEMENTATIONS = YES;
				CLANG_WARN_DIRECT_OBJC_ISA_USAGE = YES_ERROR;
				CLANG_WARN_DOCUMENTATION_COMMENTS = YES;
				CLANG_WARN_EMPTY_BODY = YES;
				CLANG_WARN_ENUM_CONVERSION = YES;
				CLANG_WARN_INFINITE_RECURSION = YES;
				CLANG_WARN_INT_CONVERSION = YES;
				CLANG_WARN_NON_LITERAL_NULL_CONVERSION = YES;
				CLANG_WARN_OBJC_IMPLICIT_RETAIN_SELF = YES;
				CLANG_WARN_OBJC_LITERAL_CONVERSION = YES;
				CLANG_WARN_OBJC_ROOT_CLASS = YES_ERROR;
				CLANG_WARN_QUOTED_INCLUDE_IN_FRAMEWORK_HEADER = YES;
				CLANG_WARN_RANGE_LOOP_ANALYSIS = YES;
				CLANG_WARN_STRICT_PROTOTYPES = YES;
				CLANG_WARN_SUSPICIOUS_MOVE = YES;
				CLANG_WARN_UNGUARDED_AVAILABILITY = YES_AGGRESSIVE;
				CLANG_WARN_UNREACHABLE_CODE = YES;
				CLANG_WARN__DUPLICATE_METHOD_MATCH = YES;
				COPY_PHASE_STRIP = NO;
				DEBUG_INFORMATION_FORMAT = "dwarf-with-dsym";
				ENABLE_NS_ASSERTIONS = NO;
				ENABLE_STRICT_OBJC_MSGSEND = YES;
				GCC_C_LANGUAGE_STANDARD = gnu11;
				GCC_NO_COMMON_BLOCKS = YES;
				GCC_WARN_64_TO_32_BIT_CONVERSION = YES;
				GCC_WARN_ABOUT_RETURN_TYPE = YES_ERROR;
				GCC_WARN_UNDECLARED_SELECTOR = YES;
				GCC_WARN_UNINITIALIZED_AUTOS = YES_AGGRESSIVE;
				GCC_WARN_UNUSED_FUNCTION = YES;
				GCC_WARN_UNUSED_VARIABLE = YES;
				MACOSX_DEPLOYMENT_TARGET = 12.7;
				MTL_ENABLE_DEBUG_INFO = NO;
				MTL_FAST_MATH = YES;
				SDKROOT = macosx;
			};
			name = Release;
		};
		C2CC8D042D80E52600F6DDDE /* Debug */ = {
			isa = XCBuildConfiguration;
			buildSettings = {
				ASSETCATALOG_COMPILER_APPICON_NAME = AppIcon;
				ASSETCATALOG_COMPILER_GLOBAL_ACCENT_COLOR_NAME = AccentColor;
				CODE_SIGN_ENTITLEMENTS = sdl3_test/sdl3_test.entitlements;
				CODE_SIGN_STYLE = Automatic;
				COMBINE_HIDPI_IMAGES = YES;
				CURRENT_PROJECT_VERSION = 1;
				DEVELOPMENT_TEAM = 5K23Q246YS;
				ENABLE_HARDENED_RUNTIME = YES;
				GENERATE_INFOPLIST_FILE = YES;
				INFOPLIST_KEY_NSHumanReadableCopyright = "";
				INFOPLIST_KEY_NSMainNibFile = MainMenu;
				INFOPLIST_KEY_NSPrincipalClass = NSApplication;
				LD_RUNPATH_SEARCH_PATHS = (
					"$(inherited)",
					"@executable_path/../Frameworks",
				);
				MARKETING_VERSION = 1.0;
				PRODUCT_BUNDLE_IDENTIFIER = "smartinezdelicia.sdl3-test";
				PRODUCT_NAME = "$(TARGET_NAME)";
				SWIFT_EMIT_LOC_STRINGS = YES;
			};
			name = Debug;
		};
		C2CC8D052D80E52600F6DDDE /* Release */ = {
			isa = XCBuildConfiguration;
			buildSettings = {
				ASSETCATALOG_COMPILER_APPICON_NAME = AppIcon;
				ASSETCATALOG_COMPILER_GLOBAL_ACCENT_COLOR_NAME = AccentColor;
				CODE_SIGN_ENTITLEMENTS = sdl3_test/sdl3_test.entitlements;
				CODE_SIGN_STYLE = Automatic;
				COMBINE_HIDPI_IMAGES = YES;
				CURRENT_PROJECT_VERSION = 1;
				DEVELOPMENT_TEAM = 5K23Q246YS;
				ENABLE_HARDENED_RUNTIME = YES;
				GENERATE_INFOPLIST_FILE = YES;
				INFOPLIST_KEY_NSHumanReadableCopyright = "";
				INFOPLIST_KEY_NSMainNibFile = MainMenu;
				INFOPLIST_KEY_NSPrincipalClass = NSApplication;
				LD_RUNPATH_SEARCH_PATHS = (
					"$(inherited)",
					"@executable_path/../Frameworks",
				);
				MARKETING_VERSION = 1.0;
				PRODUCT_BUNDLE_IDENTIFIER = "smartinezdelicia.sdl3-test";
				PRODUCT_NAME = "$(TARGET_NAME)";
				SWIFT_EMIT_LOC_STRINGS = YES;
			};
			name = Release;
		};
/* End XCBuildConfiguration section */

/* Begin XCConfigurationList section */
		C2CC8CEE2D80E52000F6DDDE /* Build configuration list for PBXProject "sdl3_test" */ = {
			isa = XCConfigurationList;
			buildConfigurations = (
				C2CC8D012D80E52600F6DDDE /* Debug */,
				C2CC8D022D80E52600F6DDDE /* Release */,
			);
			defaultConfigurationIsVisible = 0;
			defaultConfigurationName = Release;
		};
		C2CC8D032D80E52600F6DDDE /* Build configuration list for PBXNativeTarget "sdl3_test" */ = {
			isa = XCConfigurationList;
			buildConfigurations = (
				C2CC8D042D80E52600F6DDDE /* Debug */,
				C2CC8D052D80E52600F6DDDE /* Release */,
			);
			defaultConfigurationIsVisible = 0;
			defaultConfigurationName = Release;
		};
/* End XCConfigurationList section */
	};
	rootObject = C2CC8CEB2D80E52000F6DDDE /* Project object */;
}
